
Microsoft Visual Studio Solution File, Format Version 12.00
# Visual Studio Version 16
VisualStudioVersion = 16.0.30517.126
MinimumVisualStudioVersion = 10.0.40219.1
Project("{9A19103F-16F7-4668-BE54-9A1E7A4F7556}") = "matchkey", "matchkey.csproj", "{B658FB1E-CB4A-4C24-AD83-EDB863139F5A}"
EndProject
Project("{FAE04EC0-301F-11D3-BF4B-00C04F79EFBC}") = "hanzi", "..\hanzi\hanzi.csproj", "{42972B64-6FFD-47B9-9D15-E2FCA868BF6B}"
EndProject
Project("{FAE04EC0-301F-11D3-BF4B-00C04F79EFBC}") = "clearKeys", "..\clearKeys\clearKeys.csproj", "{42D750CB-8AB2-4EA6-9E11-7CDE8AF51699}"
EndProject
Global
	GlobalSection(SolutionConfigurationPlatforms) = preSolution
		Debug|Any CPU = Debug|Any CPU
		Release|Any CPU = Release|Any CPU
	EndGlobalSection
	GlobalSection(ProjectConfigurationPlatforms) = postSolution
		{B658FB1E-CB4A-4C24-AD83-EDB863139F5A}.Debug|Any CPU.ActiveCfg = Debug|Any CPU
		{B658FB1E-CB4A-4C24-AD83-EDB863139F5A}.Debug|Any CPU.Build.0 = Debug|Any CPU
		{B658FB1E-CB4A-4C24-AD83-EDB863139F5A}.Release|Any CPU.ActiveCfg = Release|Any CPU
		{B658FB1E-CB4A-4C24-AD83-EDB863139F5A}.Release|Any CPU.Build.0 = Release|Any CPU
		{42972B64-6FFD-47B9-9D15-E2FCA868BF6B}.Debug|Any CPU.ActiveCfg = Debug|Any CPU
		{42972B64-6FFD-47B9-9D15-E2FCA868BF6B}.Debug|Any CPU.Build.0 = Debug|Any CPU
		{42972B64-6FFD-47B9-9D15-E2FCA868BF6B}.Release|Any CPU.ActiveCfg = Release|Any CPU
		{42972B64-6FFD-47B9-9D15-E2FCA868BF6B}.Release|Any CPU.Build.0 = Release|Any CPU
		{42D750CB-8AB2-4EA6-9E11-7CDE8AF51699}.Debug|Any CPU.ActiveCfg = Debug|Any CPU
		{42D750CB-8AB2-4EA6-9E11-7CDE8AF51699}.Debug|Any CPU.Build.0 = Debug|Any CPU
		{42D750CB-8AB2-4EA6-9E11-7CDE8AF51699}.Release|Any CPU.ActiveCfg = Release|Any CPU
		{42D750CB-8AB2-4EA6-9E11-7CDE8AF51699}.Release|Any CPU.Build.0 = Release|Any CPU
	EndGlobalSection
	GlobalSection(SolutionProperties) = preSolution
		HideSolutionNode = FALSE
	EndGlobalSection
	GlobalSection(ExtensibilityGlobals) = postSolution
		SolutionGuid = {6B26AB3B-31C7-49BA-ACCD-E59AC792E456}
	EndGlobalSection
EndGlobal
